
Microsoft Visual Studio Solution File, Format Version 12.00
# Visual Studio Version 16
VisualStudioVersion = 16.0.29020.237
MinimumVisualStudioVersion = 10.0.40219.1
Project("{FAE04EC0-301F-11D3-BF4B-00C04F79EFBC}") = "SpecSnifferWPF", "SpecSnifferWPF\SpecSnifferWPF.csproj", "{A579750E-84EA-47CF-961D-CDEE0A45CA6F}"
EndProject
Global
	GlobalSection(SolutionConfigurationPlatforms) = preSolution
		Debug|Any CPU = Debug|Any CPU
		Release|Any CPU = Release|Any CPU
	EndGlobalSection
	GlobalSection(ProjectConfigurationPlatforms) = postSolution
		{A579750E-84EA-47CF-961D-CDEE0A45CA6F}.Debug|Any CPU.ActiveCfg = Debug|Any CPU
		{A579750E-84EA-47CF-961D-CDEE0A45CA6F}.Debug|Any CPU.Build.0 = Debug|Any CPU
		{A579750E-84EA-47CF-961D-CDEE0A45CA6F}.Release|Any CPU.ActiveCfg = Release|Any CPU
		{A579750E-84EA-47CF-961D-CDEE0A45CA6F}.Release|Any CPU.Build.0 = Release|Any CPU
	EndGlobalSection
	GlobalSection(SolutionProperties) = preSolution
		HideSolutionNode = FALSE
	EndGlobalSection
	GlobalSection(ExtensibilityGlobals) = postSolution
		SolutionGuid = {83DF2CA9-84FA-45AB-A262-F7976CAD5B13}
	EndGlobalSection
EndGlobal
